// !$*UTF8*$!
{
	archiveVersion = 1;
	classes = {
	};
	objectVersion = 56;
	objects = {

/* Begin PBXBuildFile section */
		7A215A0529627EA700310237 /* main.m in Sources */ = {isa = PBXBuildFile; fileRef = 7A2159F629627EA700310237 /* main.m */; };
		7A215A1329627F2700310237 /* assets in Resources */ = {isa = PBXBuildFile; fileRef = 7A215A1229627F2700310237 /* assets */; };
		7A60F4702960148800A64E57 /* Security.framework in Frameworks */ = {isa = PBXBuildFile; fileRef = 7A60F46F2960148800A64E57 /* Security.framework */; };
		7A60F4722960149300A64E57 /* Metal.framework in Frameworks */ = {isa = PBXBuildFile; fileRef = 7A60F4712960149300A64E57 /* Metal.framework */; };
		7A60F4742960149A00A64E57 /* UIKit.framework in Frameworks */ = {isa = PBXBuildFile; fileRef = 7A60F4732960149A00A64E57 /* UIKit.framework */; };
		7A60F476296014A700A64E57 /* AudioToolbox.framework in Frameworks */ = {isa = PBXBuildFile; fileRef = 7A60F475296014A700A64E57 /* AudioToolbox.framework */; };
		7A60F478296014AF00A64E57 /* libc++.tbd in Frameworks */ = {isa = PBXBuildFile; fileRef = 7A60F477296014AF00A64E57 /* libc++.tbd */; };
/* End PBXBuildFile section */

/* Begin PBXContainerItemProxy section */
		7A60F469296010A300A64E57 /* PBXContainerItemProxy */ = {
			isa = PBXContainerItemProxy;
			containerPortal = 7A60F4452960013D00A64E57 /* Project object */;
			proxyType = 1;
			remoteGlobalIDString = 7A60F46529600FFD00A64E57;
			remoteInfo = "cargo-ios";
		};
/* End PBXContainerItemProxy section */

/* Begin PBXFileReference section */
		7A2159F529627EA700310237 /* bindings.h */ = {isa = PBXFileReference; fileEncoding = 4; lastKnownFileType = sourcecode.c.h; path = bindings.h; sourceTree = "<group>"; };
		7A2159F629627EA700310237 /* main.m */ = {isa = PBXFileReference; fileEncoding = 4; lastKnownFileType = sourcecode.c.objc; path = main.m; sourceTree = "<group>"; };
		7A215A0429627EA700310237 /* Info.plist */ = {isa = PBXFileReference; fileEncoding = 4; lastKnownFileType = text.plist.xml; path = Info.plist; sourceTree = "<group>"; };
		7A215A1229627F2700310237 /* assets */ = {isa = PBXFileReference; lastKnownFileType = folder; name = assets; path = ../../assets; sourceTree = "<group>"; };
		7A60F44D2960013D00A64E57 /* bevy_garage.app */ = {isa = PBXFileReference; explicitFileType = wrapper.application; includeInIndex = 0; path = bevy_garage.app; sourceTree = BUILT_PRODUCTS_DIR; };
		7A60F46F2960148800A64E57 /* Security.framework */ = {isa = PBXFileReference; lastKnownFileType = wrapper.framework; name = Security.framework; path = System/Library/Frameworks/Security.framework; sourceTree = SDKROOT; };
		7A60F4712960149300A64E57 /* Metal.framework */ = {isa = PBXFileReference; lastKnownFileType = wrapper.framework; name = Metal.framework; path = System/Library/Frameworks/Metal.framework; sourceTree = SDKROOT; };
		7A60F4732960149A00A64E57 /* UIKit.framework */ = {isa = PBXFileReference; lastKnownFileType = wrapper.framework; name = UIKit.framework; path = System/Library/Frameworks/UIKit.framework; sourceTree = SDKROOT; };
		7A60F475296014A700A64E57 /* AudioToolbox.framework */ = {isa = PBXFileReference; lastKnownFileType = wrapper.framework; name = AudioToolbox.framework; path = System/Library/Frameworks/AudioToolbox.framework; sourceTree = SDKROOT; };
		7A60F477296014AF00A64E57 /* libc++.tbd */ = {isa = PBXFileReference; lastKnownFileType = "sourcecode.text-based-dylib-definition"; name = "libc++.tbd"; path = "usr/lib/libc++.tbd"; sourceTree = SDKROOT; };
/* End PBXFileReference section */

/* Begin PBXFrameworksBuildPhase section */
		7A60F44A2960013D00A64E57 /* Frameworks */ = {
			isa = PBXFrameworksBuildPhase;
			buildActionMask = 2147483647;
			files = (
				7A60F478296014AF00A64E57 /* libc++.tbd in Frameworks */,
				7A60F476296014A700A64E57 /* AudioToolbox.framework in Frameworks */,
				7A60F4742960149A00A64E57 /* UIKit.framework in Frameworks */,
				7A60F4722960149300A64E57 /* Metal.framework in Frameworks */,
				7A60F4702960148800A64E57 /* Security.framework in Frameworks */,
			);
			runOnlyForDeploymentPostprocessing = 0;
		};
/* End PBXFrameworksBuildPhase section */

/* Begin PBXGroup section */
		7A2159F429627EA700310237 /* ios-src */ = {
			isa = PBXGroup;
			children = (
				7A215A1229627F2700310237 /* assets */,
				7A2159F529627EA700310237 /* bindings.h */,
				7A2159F629627EA700310237 /* main.m */,
				7A215A0429627EA700310237 /* Info.plist */,
			);
			path = "ios-src";
			sourceTree = "<group>";
		};
		7A60F4442960013D00A64E57 = {
			isa = PBXGroup;
			children = (
				7A2159F429627EA700310237 /* ios-src */,
				7A60F44E2960013D00A64E57 /* Products */,
				7A60F46E2960148800A64E57 /* Frameworks */,
			);
			sourceTree = "<group>";
		};
		7A60F44E2960013D00A64E57 /* Products */ = {
			isa = PBXGroup;
			children = (
				7A60F44D2960013D00A64E57 /* bevy_garage.app */,
			);
			name = Products;
			sourceTree = "<group>";
		};
		7A60F46E2960148800A64E57 /* Frameworks */ = {
			isa = PBXGroup;
			children = (
				7A60F477296014AF00A64E57 /* libc++.tbd */,
				7A60F475296014A700A64E57 /* AudioToolbox.framework */,
				7A60F4732960149A00A64E57 /* UIKit.framework */,
				7A60F4712960149300A64E57 /* Metal.framework */,
				7A60F46F2960148800A64E57 /* Security.framework */,
			);
			name = Frameworks;
			sourceTree = "<group>";
		};
/* End PBXGroup section */

/* Begin PBXLegacyTarget section */
		7A60F46529600FFD00A64E57 /* cargo-ios */ = {
			isa = PBXLegacyTarget;
			buildArgumentsString = build_rust_deps.sh;
			buildConfigurationList = 7A60F46629600FFD00A64E57 /* Build configuration list for PBXLegacyTarget "cargo-ios" */;
			buildPhases = (
			);
			buildToolPath = /bin/sh;
			buildWorkingDirectory = .;
			dependencies = (
			);
			name = "cargo-ios";
			passBuildSettingsInEnvironment = 1;
			productName = "cargo-ios";
		};
/* End PBXLegacyTarget section */

/* Begin PBXNativeTarget section */
		7A60F44C2960013D00A64E57 /* bevy_garage */ = {
			isa = PBXNativeTarget;
			buildConfigurationList = 7A60F45B2960013E00A64E57 /* Build configuration list for PBXNativeTarget "bevy_garage" */;
			buildPhases = (
				7A60F4492960013D00A64E57 /* Sources */,
				7A60F44A2960013D00A64E57 /* Frameworks */,
				7A60F44B2960013D00A64E57 /* Resources */,
			);
			buildRules = (
			);
			dependencies = (
				7A60F46A296010A300A64E57 /* PBXTargetDependency */,
			);
			name = bevy_garage;
			productName = bevy_garage;
			productReference = 7A60F44D2960013D00A64E57 /* bevy_garage.app */;
			productType = "com.apple.product-type.application";
		};
/* End PBXNativeTarget section */

/* Begin PBXProject section */
		7A60F4452960013D00A64E57 /* Project object */ = {
			isa = PBXProject;
			attributes = {
				BuildIndependentTargetsInParallel = 1;
				LastSwiftUpdateCheck = 1420;
				LastUpgradeCheck = 1420;
				TargetAttributes = {
					7A60F44C2960013D00A64E57 = {
						CreatedOnToolsVersion = 14.2;
					};
					7A60F46529600FFD00A64E57 = {
						CreatedOnToolsVersion = 14.2;
					};
				};
			};
			buildConfigurationList = 7A60F4482960013D00A64E57 /* Build configuration list for PBXProject "bevy_garage" */;
			compatibilityVersion = "Xcode 14.0";
			developmentRegion = en;
			hasScannedForEncodings = 0;
			knownRegions = (
				en,
				Base,
			);
			mainGroup = 7A60F4442960013D00A64E57;
			productRefGroup = 7A60F44E2960013D00A64E57 /* Products */;
			projectDirPath = "";
			projectRoot = "";
			targets = (
				7A60F44C2960013D00A64E57 /* bevy_garage */,
				7A60F46529600FFD00A64E57 /* cargo-ios */,
			);
		};
/* End PBXProject section */

/* Begin PBXResourcesBuildPhase section */
		7A60F44B2960013D00A64E57 /* Resources */ = {
			isa = PBXResourcesBuildPhase;
			buildActionMask = 2147483647;
			files = (
				7A215A1329627F2700310237 /* assets in Resources */,
			);
			runOnlyForDeploymentPostprocessing = 0;
		};
/* End PBXResourcesBuildPhase section */

/* Begin PBXSourcesBuildPhase section */
		7A60F4492960013D00A64E57 /* Sources */ = {
			isa = PBXSourcesBuildPhase;
			buildActionMask = 2147483647;
			files = (
				7A215A0529627EA700310237 /* main.m in Sources */,
			);
			runOnlyForDeploymentPostprocessing = 0;
		};
/* End PBXSourcesBuildPhase section */

/* Begin PBXTargetDependency section */
		7A60F46A296010A300A64E57 /* PBXTargetDependency */ = {
			isa = PBXTargetDependency;
			target = 7A60F46529600FFD00A64E57 /* cargo-ios */;
			targetProxy = 7A60F469296010A300A64E57 /* PBXContainerItemProxy */;
		};
/* End PBXTargetDependency section */

/* Begin XCBuildConfiguration section */
		7A60F4592960013E00A64E57 /* Debug */ = {
			isa = XCBuildConfiguration;
			buildSettings = {
				ALWAYS_SEARCH_USER_PATHS = NO;
				CLANG_ANALYZER_NONNULL = YES;
				CLANG_ANALYZER_NUMBER_OBJECT_CONVERSION = YES_AGGRESSIVE;
				CLANG_CXX_LANGUAGE_STANDARD = "gnu++20";
				CLANG_CXX_LIBRARY = "libc++";
				CLANG_ENABLE_MODULES = YES;
				CLANG_ENABLE_OBJC_ARC = YES;
				CLANG_ENABLE_OBJC_WEAK = YES;
				CLANG_WARN_BLOCK_CAPTURE_AUTORELEASING = YES;
				CLANG_WARN_BOOL_CONVERSION = YES;
				CLANG_WARN_COMMA = YES;
				CLANG_WARN_CONSTANT_CONVERSION = YES;
				CLANG_WARN_DEPRECATED_OBJC_IMPLEMENTATIONS = YES;
				CLANG_WARN_DIRECT_OBJC_ISA_USAGE = YES_ERROR;
				CLANG_WARN_DOCUMENTATION_COMMENTS = YES;
				CLANG_WARN_EMPTY_BODY = YES;
				CLANG_WARN_ENUM_CONVERSION = YES;
				CLANG_WARN_INFINITE_RECURSION = YES;
				CLANG_WARN_INT_CONVERSION = YES;
				CLANG_WARN_NON_LITERAL_NULL_CONVERSION = YES;
				CLANG_WARN_OBJC_IMPLICIT_RETAIN_SELF = YES;
				CLANG_WARN_OBJC_LITERAL_CONVERSION = YES;
				CLANG_WARN_OBJC_ROOT_CLASS = YES_ERROR;
				CLANG_WARN_QUOTED_INCLUDE_IN_FRAMEWORK_HEADER = YES;
				CLANG_WARN_RANGE_LOOP_ANALYSIS = YES;
				CLANG_WARN_STRICT_PROTOTYPES = YES;
				CLANG_WARN_SUSPICIOUS_MOVE = YES;
				CLANG_WARN_UNGUARDED_AVAILABILITY = YES_AGGRESSIVE;
				CLANG_WARN_UNREACHABLE_CODE = YES;
				CLANG_WARN__DUPLICATE_METHOD_MATCH = YES;
				COPY_PHASE_STRIP = NO;
				DEBUG_INFORMATION_FORMAT = dwarf;
				ENABLE_STRICT_OBJC_MSGSEND = YES;
				ENABLE_TESTABILITY = YES;
				GCC_C_LANGUAGE_STANDARD = gnu11;
				GCC_DYNAMIC_NO_PIC = NO;
				GCC_NO_COMMON_BLOCKS = YES;
				GCC_OPTIMIZATION_LEVEL = 0;
				GCC_PREPROCESSOR_DEFINITIONS = (
					"DEBUG=1",
					"$(inherited)",
				);
				GCC_WARN_64_TO_32_BIT_CONVERSION = YES;
				GCC_WARN_ABOUT_RETURN_TYPE = YES_ERROR;
				GCC_WARN_UNDECLARED_SELECTOR = YES;
				GCC_WARN_UNINITIALIZED_AUTOS = YES_AGGRESSIVE;
				GCC_WARN_UNUSED_FUNCTION = YES;
				GCC_WARN_UNUSED_VARIABLE = YES;
				HEADER_SEARCH_PATHS = (
					"$(inherited)",
					"ios-src/",
				);
				INFOPLIST_FILE = "ios-src/Info.plist";
				IPHONEOS_DEPLOYMENT_TARGET = 16.4;
				"LIBRARY_SEARCH_PATHS[sdk=iphoneos*]" = (
					"$(inherited)",
					"../target/aarch64-apple-ios/release",
				);
				"LIBRARY_SEARCH_PATHS[sdk=iphonesimulator*]" = (
					"$(inherited)",
					"../target/aarch64-apple-ios-sim/release",
				);
				MTL_ENABLE_DEBUG_INFO = INCLUDE_SOURCE;
				ONLY_ACTIVE_ARCH = YES;
				SDKROOT = iphoneos;
				SWIFT_ACTIVE_COMPILATION_CONDITIONS = DEBUG;
				SWIFT_OPTIMIZATION_LEVEL = "-Onone";
			};
			name = Debug;
		};
		7A60F45A2960013E00A64E57 /* Release */ = {
			isa = XCBuildConfiguration;
			buildSettings = {
				ALWAYS_SEARCH_USER_PATHS = NO;
				CLANG_ANALYZER_NONNULL = YES;
				CLANG_ANALYZER_NUMBER_OBJECT_CONVERSION = YES_AGGRESSIVE;
				CLANG_CXX_LANGUAGE_STANDARD = "gnu++20";
				CLANG_CXX_LIBRARY = "libc++";
				CLANG_ENABLE_MODULES = YES;
				CLANG_ENABLE_OBJC_ARC = YES;
				CLANG_ENABLE_OBJC_WEAK = YES;
				CLANG_WARN_BLOCK_CAPTURE_AUTORELEASING = YES;
				CLANG_WARN_BOOL_CONVERSION = YES;
				CLANG_WARN_COMMA = YES;
				CLANG_WARN_CONSTANT_CONVERSION = YES;
				CLANG_WARN_DEPRECATED_OBJC_IMPLEMENTATIONS = YES;
				CLANG_WARN_DIRECT_OBJC_ISA_USAGE = YES_ERROR;
				CLANG_WARN_DOCUMENTATION_COMMENTS = YES;
				CLANG_WARN_EMPTY_BODY = YES;
				CLANG_WARN_ENUM_CONVERSION = YES;
				CLANG_WARN_INFINITE_RECURSION = YES;
				CLANG_WARN_INT_CONVERSION = YES;
				CLANG_WARN_NON_LITERAL_NULL_CONVERSION = YES;
				CLANG_WARN_OBJC_IMPLICIT_RETAIN_SELF = YES;
				CLANG_WARN_OBJC_LITERAL_CONVERSION = YES;
				CLANG_WARN_OBJC_ROOT_CLASS = YES_ERROR;
				CLANG_WARN_QUOTED_INCLUDE_IN_FRAMEWORK_HEADER = YES;
				CLANG_WARN_RANGE_LOOP_ANALYSIS = YES;
				CLANG_WARN_STRICT_PROTOTYPES = YES;
				CLANG_WARN_SUSPICIOUS_MOVE = YES;
				CLANG_WARN_UNGUARDED_AVAILABILITY = YES_AGGRESSIVE;
				CLANG_WARN_UNREACHABLE_CODE = YES;
				CLANG_WARN__DUPLICATE_METHOD_MATCH = YES;
				COPY_PHASE_STRIP = NO;
				DEBUG_INFORMATION_FORMAT = "dwarf-with-dsym";
				ENABLE_NS_ASSERTIONS = NO;
				ENABLE_STRICT_OBJC_MSGSEND = YES;
				GCC_C_LANGUAGE_STANDARD = gnu11;
				GCC_NO_COMMON_BLOCKS = YES;
				GCC_WARN_64_TO_32_BIT_CONVERSION = YES;
				GCC_WARN_ABOUT_RETURN_TYPE = YES_ERROR;
				GCC_WARN_UNDECLARED_SELECTOR = YES;
				GCC_WARN_UNINITIALIZED_AUTOS = YES_AGGRESSIVE;
				GCC_WARN_UNUSED_FUNCTION = YES;
				GCC_WARN_UNUSED_VARIABLE = YES;
				HEADER_SEARCH_PATHS = (
					"$(inherited)",
					"ios-src/",
				);
				INFOPLIST_FILE = "ios-src/Info.plist";
				IPHONEOS_DEPLOYMENT_TARGET = 16.4;
				"LIBRARY_SEARCH_PATHS[sdk=iphoneos*]" = (
					"$(inherited)",
					"../target/aarch64-apple-ios/release",
				);
				"LIBRARY_SEARCH_PATHS[sdk=iphonesimulator*]" = (
					"$(inherited)",
					"../target/aarch64-apple-ios-sim/release",
				);
				MTL_ENABLE_DEBUG_INFO = NO;
				SDKROOT = iphoneos;
				SWIFT_COMPILATION_MODE = wholemodule;
				SWIFT_OPTIMIZATION_LEVEL = "-O";
				VALIDATE_PRODUCT = YES;
			};
			name = Release;
		};
		7A60F45C2960013E00A64E57 /* Debug */ = {
			isa = XCBuildConfiguration;
			buildSettings = {
				ASSETCATALOG_COMPILER_APPICON_NAME = AppIcon;
				ASSETCATALOG_COMPILER_GLOBAL_ACCENT_COLOR_NAME = AccentColor;
				CODE_SIGN_STYLE = Automatic;
				CURRENT_PROJECT_VERSION = 1;
				DEVELOPMENT_ASSET_PATHS = "";
				DEVELOPMENT_TEAM = 427TS5PTPS;
				ENABLE_PREVIEWS = YES;
				GENERATE_INFOPLIST_FILE = YES;
				INFOPLIST_FILE = "ios-src/Info.plist";
				INFOPLIST_KEY_UIApplicationSceneManifest_Generation = YES;
				INFOPLIST_KEY_UIApplicationSupportsIndirectInputEvents = YES;
				INFOPLIST_KEY_UILaunchScreen_Generation = YES;
				INFOPLIST_KEY_UILaunchStoryboardName = LaunchScreen;
				INFOPLIST_KEY_UIRequiresFullScreen = NO;
				INFOPLIST_KEY_UISupportedInterfaceOrientations = "UIInterfaceOrientationLandscapeLeft UIInterfaceOrientationLandscapeRight UIInterfaceOrientationPortrait UIInterfaceOrientationPortraitUpsideDown";
				LD_RUNPATH_SEARCH_PATHS = (
					"$(inherited)",
					"@executable_path/Frameworks",
				);
				MARKETING_VERSION = 1.0;
				OTHER_LDFLAGS = (
					"$(inherited)",
					"-lbevy_garage_ios",
					"-lc++abi",
				);
				PRODUCT_BUNDLE_IDENTIFIER = "alexichepura.bevy-garage";
				PRODUCT_NAME = "$(TARGET_NAME)";
				SWIFT_EMIT_LOC_STRINGS = YES;
				SWIFT_VERSION = 5.0;
				TARGETED_DEVICE_FAMILY = "1,2";
			};
			name = Debug;
		};
		7A60F45D2960013E00A64E57 /* Release */ = {
			isa = XCBuildConfiguration;
			buildSettings = {
				ASSETCATALOG_COMPILER_APPICON_NAME = AppIcon;
				ASSETCATALOG_COMPILER_GLOBAL_ACCENT_COLOR_NAME = AccentColor;
				CODE_SIGN_STYLE = Automatic;
				CURRENT_PROJECT_VERSION = 1;
				DEVELOPMENT_ASSET_PATHS = "";
				DEVELOPMENT_TEAM = 427TS5PTPS;
				ENABLE_PREVIEWS = YES;
				GENERATE_INFOPLIST_FILE = YES;
				INFOPLIST_FILE = "ios-src/Info.plist";
				INFOPLIST_KEY_UIApplicationSceneManifest_Generation = YES;
				INFOPLIST_KEY_UIApplicationSupportsIndirectInputEvents = YES;
				INFOPLIST_KEY_UILaunchScreen_Generation = YES;
				INFOPLIST_KEY_UILaunchStoryboardName = LaunchScreen;
				INFOPLIST_KEY_UIRequiresFullScreen = NO;
				INFOPLIST_KEY_UISupportedInterfaceOrientations = "UIInterfaceOrientationLandscapeLeft UIInterfaceOrientationLandscapeRight UIInterfaceOrientationPortrait UIInterfaceOrientationPortraitUpsideDown";
				LD_RUNPATH_SEARCH_PATHS = (
					"$(inherited)",
					"@executable_path/Frameworks",
				);
				MARKETING_VERSION = 1.0;
				OTHER_LDFLAGS = (
					"$(inherited)",
					"-lbevy_garage_ios",
					"-lc++abi",
				);
				PRODUCT_BUNDLE_IDENTIFIER = "alexichepura.bevy-garage";
				PRODUCT_NAME = "$(TARGET_NAME)";
				SWIFT_EMIT_LOC_STRINGS = YES;
				SWIFT_VERSION = 5.0;
				TARGETED_DEVICE_FAMILY = "1,2";
			};
			name = Release;
		};
		7A60F46729600FFD00A64E57 /* Debug */ = {
			isa = XCBuildConfiguration;
			buildSettings = {
				CODE_SIGN_STYLE = Automatic;
				DEBUGGING_SYMBOLS = YES;
				DEBUG_INFORMATION_FORMAT = dwarf;
				DEVELOPMENT_TEAM = 427TS5PTPS;
				GCC_GENERATE_DEBUGGING_SYMBOLS = YES;
				GCC_OPTIMIZATION_LEVEL = 0;
				OTHER_CFLAGS = "";
				OTHER_LDFLAGS = "";
				PRODUCT_NAME = "$(TARGET_NAME)";
			};
			name = Debug;
		};
		7A60F46829600FFD00A64E57 /* Release */ = {
			isa = XCBuildConfiguration;
			buildSettings = {
				CODE_SIGN_STYLE = Automatic;
				DEBUG_INFORMATION_FORMAT = "dwarf-with-dsym";
				DEVELOPMENT_TEAM = 427TS5PTPS;
				OTHER_CFLAGS = "";
				OTHER_LDFLAGS = "";
				PRODUCT_NAME = "$(TARGET_NAME)";
			};
			name = Release;
		};
/* End XCBuildConfiguration section */

/* Begin XCConfigurationList section */
		7A60F4482960013D00A64E57 /* Build configuration list for PBXProject "bevy_garage" */ = {
			isa = XCConfigurationList;
			buildConfigurations = (
				7A60F4592960013E00A64E57 /* Debug */,
				7A60F45A2960013E00A64E57 /* Release */,
			);
			defaultConfigurationIsVisible = 0;
			defaultConfigurationName = Release;
		};
		7A60F45B2960013E00A64E57 /* Build configuration list for PBXNativeTarget "bevy_garage" */ = {
			isa = XCConfigurationList;
			buildConfigurations = (
				7A60F45C2960013E00A64E57 /* Debug */,
				7A60F45D2960013E00A64E57 /* Release */,
			);
			defaultConfigurationIsVisible = 0;
			defaultConfigurationName = Release;
		};
		7A60F46629600FFD00A64E57 /* Build configuration list for PBXLegacyTarget "cargo-ios" */ = {
			isa = XCConfigurationList;
			buildConfigurations = (
				7A60F46729600FFD00A64E57 /* Debug */,
				7A60F46829600FFD00A64E57 /* Release */,
			);
			defaultConfigurationIsVisible = 0;
			defaultConfigurationName = Release;
		};
/* End XCConfigurationList section */
	};
	rootObject = 7A60F4452960013D00A64E57 /* Project object */;
}
